// !$*UTF8*$!
{
	archiveVersion = 1;
	classes = {
	};
	objectVersion = 56;
	objects = {

/* Begin PBXBuildFile section */
		3E165C7429B96817001065CB /* HelpView.swift in Sources */ = {isa = PBXBuildFile; fileRef = 3E165C7329B96817001065CB /* HelpView.swift */; };
		3E55B12229BBCCE100282EB3 /* EKCalendarPickerView.swift in Sources */ = {isa = PBXBuildFile; fileRef = 3E55B12129BBCCE100282EB3 /* EKCalendarPickerView.swift */; };
		3E7C357429BB0E0700C311EF /* MacSettingsView.swift in Sources */ = {isa = PBXBuildFile; fileRef = 3E7C357329BB0E0700C311EF /* MacSettingsView.swift */; };
		3E9B850B29C0415D008E5202 /* ExportOptions.plist in Resources */ = {isa = PBXBuildFile; fileRef = 3E9B850A29C0415D008E5202 /* ExportOptions.plist */; };
		3E9B850D29C05860008E5202 /* myentitlements.plist in Resources */ = {isa = PBXBuildFile; fileRef = 3E9B850C29C05860008E5202 /* myentitlements.plist */; };
		3EA081AD29B455F600D8C372 /* Timeboxing.swift in Sources */ = {isa = PBXBuildFile; fileRef = 3EA081AC29B455F600D8C372 /* Timeboxing.swift */; };
		3EA081B029B50D5C00D8C372 /* AlertToast in Frameworks */ = {isa = PBXBuildFile; productRef = 3EA081AF29B50D5C00D8C372 /* AlertToast */; };
		3EBCC7E429B3D85800AEA9F3 /* TimeSlicerApp.swift in Sources */ = {isa = PBXBuildFile; fileRef = 3EBCC7E329B3D85800AEA9F3 /* TimeSlicerApp.swift */; };
		3EBCC7E629B3D85800AEA9F3 /* Persistence.swift in Sources */ = {isa = PBXBuildFile; fileRef = 3EBCC7E529B3D85800AEA9F3 /* Persistence.swift */; };
		3EBCC7E929B3D85800AEA9F3 /* TimeSlicer.xcdatamodeld in Sources */ = {isa = PBXBuildFile; fileRef = 3EBCC7E729B3D85800AEA9F3 /* TimeSlicer.xcdatamodeld */; };
		3EBCC7EB29B3D85800AEA9F3 /* ContentView.swift in Sources */ = {isa = PBXBuildFile; fileRef = 3EBCC7EA29B3D85800AEA9F3 /* ContentView.swift */; };
		3EBCC7ED29B3D85C00AEA9F3 /* Assets.xcassets in Resources */ = {isa = PBXBuildFile; fileRef = 3EBCC7EC29B3D85C00AEA9F3 /* Assets.xcassets */; };
		3EBCC7F129B3D85C00AEA9F3 /* Preview Assets.xcassets in Resources */ = {isa = PBXBuildFile; fileRef = 3EBCC7F029B3D85C00AEA9F3 /* Preview Assets.xcassets */; };
		3EBCC7F829B3DA4E00AEA9F3 /* CalendarPermissions.swift in Sources */ = {isa = PBXBuildFile; fileRef = 3EBCC7F729B3DA4E00AEA9F3 /* CalendarPermissions.swift */; };
		3EBCC7FD29B3F13000AEA9F3 /* SettingsView.swift in Sources */ = {isa = PBXBuildFile; fileRef = 3EBCC7FC29B3F13000AEA9F3 /* SettingsView.swift */; };
		3EBCC7FF29B4134D00AEA9F3 /* TaskCreatorSheet.swift in Sources */ = {isa = PBXBuildFile; fileRef = 3EBCC7FE29B4134D00AEA9F3 /* TaskCreatorSheet.swift */; };
/* End PBXBuildFile section */

/* Begin PBXFileReference section */
		3E165C7329B96817001065CB /* HelpView.swift */ = {isa = PBXFileReference; lastKnownFileType = sourcecode.swift; path = HelpView.swift; sourceTree = "<group>"; };
		3E55B12129BBCCE100282EB3 /* EKCalendarPickerView.swift */ = {isa = PBXFileReference; lastKnownFileType = sourcecode.swift; path = EKCalendarPickerView.swift; sourceTree = "<group>"; };
		3E7C357329BB0E0700C311EF /* MacSettingsView.swift */ = {isa = PBXFileReference; lastKnownFileType = sourcecode.swift; path = MacSettingsView.swift; sourceTree = "<group>"; };
		3E9B850A29C0415D008E5202 /* ExportOptions.plist */ = {isa = PBXFileReference; lastKnownFileType = text.plist.xml; path = ExportOptions.plist; sourceTree = "<group>"; };
		3E9B850C29C05860008E5202 /* myentitlements.plist */ = {isa = PBXFileReference; lastKnownFileType = text.plist.xml; path = myentitlements.plist; sourceTree = "<group>"; };
		3EA081AC29B455F600D8C372 /* Timeboxing.swift */ = {isa = PBXFileReference; fileEncoding = 4; lastKnownFileType = sourcecode.swift; path = Timeboxing.swift; sourceTree = "<group>"; };
		3EBCC7E029B3D85800AEA9F3 /* TimeSlicer.app */ = {isa = PBXFileReference; explicitFileType = wrapper.application; includeInIndex = 0; path = TimeSlicer.app; sourceTree = BUILT_PRODUCTS_DIR; };
		3EBCC7E329B3D85800AEA9F3 /* TimeSlicerApp.swift */ = {isa = PBXFileReference; lastKnownFileType = sourcecode.swift; path = TimeSlicerApp.swift; sourceTree = "<group>"; };
		3EBCC7E529B3D85800AEA9F3 /* Persistence.swift */ = {isa = PBXFileReference; lastKnownFileType = sourcecode.swift; path = Persistence.swift; sourceTree = "<group>"; };
		3EBCC7E829B3D85800AEA9F3 /* TimeSlicer.xcdatamodel */ = {isa = PBXFileReference; lastKnownFileType = wrapper.xcdatamodel; path = TimeSlicer.xcdatamodel; sourceTree = "<group>"; };
		3EBCC7EA29B3D85800AEA9F3 /* ContentView.swift */ = {isa = PBXFileReference; lastKnownFileType = sourcecode.swift; path = ContentView.swift; sourceTree = "<group>"; };
		3EBCC7EC29B3D85C00AEA9F3 /* Assets.xcassets */ = {isa = PBXFileReference; lastKnownFileType = folder.assetcatalog; path = Assets.xcassets; sourceTree = "<group>"; };
		3EBCC7EE29B3D85C00AEA9F3 /* TimeSlicer.entitlements */ = {isa = PBXFileReference; lastKnownFileType = text.plist.entitlements; path = TimeSlicer.entitlements; sourceTree = "<group>"; };
		3EBCC7F029B3D85C00AEA9F3 /* Preview Assets.xcassets */ = {isa = PBXFileReference; lastKnownFileType = folder.assetcatalog; path = "Preview Assets.xcassets"; sourceTree = "<group>"; };
		3EBCC7F729B3DA4E00AEA9F3 /* CalendarPermissions.swift */ = {isa = PBXFileReference; lastKnownFileType = sourcecode.swift; path = CalendarPermissions.swift; sourceTree = "<group>"; };
		3EBCC7FC29B3F13000AEA9F3 /* SettingsView.swift */ = {isa = PBXFileReference; lastKnownFileType = sourcecode.swift; path = SettingsView.swift; sourceTree = "<group>"; };
		3EBCC7FE29B4134D00AEA9F3 /* TaskCreatorSheet.swift */ = {isa = PBXFileReference; lastKnownFileType = sourcecode.swift; path = TaskCreatorSheet.swift; sourceTree = "<group>"; };
/* End PBXFileReference section */

/* Begin PBXFrameworksBuildPhase section */
		3EBCC7DD29B3D85800AEA9F3 /* Frameworks */ = {
			isa = PBXFrameworksBuildPhase;
			buildActionMask = 2147483647;
			files = (
				3EA081B029B50D5C00D8C372 /* AlertToast in Frameworks */,
			);
			runOnlyForDeploymentPostprocessing = 0;
		};
/* End PBXFrameworksBuildPhase section */

/* Begin PBXGroup section */
		3EBCC7D729B3D85800AEA9F3 = {
			isa = PBXGroup;
			children = (
				3E9B850C29C05860008E5202 /* myentitlements.plist */,
				3E9B850A29C0415D008E5202 /* ExportOptions.plist */,
				3EBCC7E229B3D85800AEA9F3 /* TimeSlicer */,
				3EBCC7E129B3D85800AEA9F3 /* Products */,
			);
			sourceTree = "<group>";
		};
		3EBCC7E129B3D85800AEA9F3 /* Products */ = {
			isa = PBXGroup;
			children = (
				3EBCC7E029B3D85800AEA9F3 /* TimeSlicer.app */,
			);
			name = Products;
			sourceTree = "<group>";
		};
		3EBCC7E229B3D85800AEA9F3 /* TimeSlicer */ = {
			isa = PBXGroup;
			children = (
				3E55B12129BBCCE100282EB3 /* EKCalendarPickerView.swift */,
				3E165C7329B96817001065CB /* HelpView.swift */,
				3EA081AC29B455F600D8C372 /* Timeboxing.swift */,
				3EBCC7FC29B3F13000AEA9F3 /* SettingsView.swift */,
				3EBCC7E329B3D85800AEA9F3 /* TimeSlicerApp.swift */,
				3EBCC7E529B3D85800AEA9F3 /* Persistence.swift */,
				3EBCC7EA29B3D85800AEA9F3 /* ContentView.swift */,
				3EBCC7FE29B4134D00AEA9F3 /* TaskCreatorSheet.swift */,
				3EBCC7EC29B3D85C00AEA9F3 /* Assets.xcassets */,
				3EBCC7EE29B3D85C00AEA9F3 /* TimeSlicer.entitlements */,
				3EBCC7E729B3D85800AEA9F3 /* TimeSlicer.xcdatamodeld */,
				3EBCC7EF29B3D85C00AEA9F3 /* Preview Content */,
				3EBCC7F729B3DA4E00AEA9F3 /* CalendarPermissions.swift */,
				3E7C357329BB0E0700C311EF /* MacSettingsView.swift */,
			);
			path = TimeSlicer;
			sourceTree = "<group>";
		};
		3EBCC7EF29B3D85C00AEA9F3 /* Preview Content */ = {
			isa = PBXGroup;
			children = (
				3EBCC7F029B3D85C00AEA9F3 /* Preview Assets.xcassets */,
			);
			path = "Preview Content";
			sourceTree = "<group>";
		};
/* End PBXGroup section */

/* Begin PBXNativeTarget section */
		3EBCC7DF29B3D85800AEA9F3 /* TimeSlicer */ = {
			isa = PBXNativeTarget;
			buildConfigurationList = 3EBCC7F429B3D85C00AEA9F3 /* Build configuration list for PBXNativeTarget "TimeSlicer" */;
			buildPhases = (
				3EBCC7DC29B3D85800AEA9F3 /* Sources */,
				3EBCC7DD29B3D85800AEA9F3 /* Frameworks */,
				3EBCC7DE29B3D85800AEA9F3 /* Resources */,
			);
			buildRules = (
			);
			dependencies = (
			);
			name = TimeSlicer;
			packageProductDependencies = (
				3EA081AF29B50D5C00D8C372 /* AlertToast */,
			);
			productName = TimeSlicer;
			productReference = 3EBCC7E029B3D85800AEA9F3 /* TimeSlicer.app */;
			productType = "com.apple.product-type.application";
		};
/* End PBXNativeTarget section */

/* Begin PBXProject section */
		3EBCC7D829B3D85800AEA9F3 /* Project object */ = {
			isa = PBXProject;
			attributes = {
				BuildIndependentTargetsInParallel = 1;
				LastSwiftUpdateCheck = 1420;
				LastUpgradeCheck = 1420;
				TargetAttributes = {
					3EBCC7DF29B3D85800AEA9F3 = {
						CreatedOnToolsVersion = 14.2;
					};
				};
			};
			buildConfigurationList = 3EBCC7DB29B3D85800AEA9F3 /* Build configuration list for PBXProject "TimeSlicer" */;
			compatibilityVersion = "Xcode 14.0";
			developmentRegion = en;
			hasScannedForEncodings = 0;
			knownRegions = (
				en,
				Base,
			);
			mainGroup = 3EBCC7D729B3D85800AEA9F3;
			packageReferences = (
				3EA081AE29B50D5C00D8C372 /* XCRemoteSwiftPackageReference "AlertToast" */,
			);
			productRefGroup = 3EBCC7E129B3D85800AEA9F3 /* Products */;
			projectDirPath = "";
			projectRoot = "";
			targets = (
				3EBCC7DF29B3D85800AEA9F3 /* TimeSlicer */,
			);
		};
/* End PBXProject section */

/* Begin PBXResourcesBuildPhase section */
		3EBCC7DE29B3D85800AEA9F3 /* Resources */ = {
			isa = PBXResourcesBuildPhase;
			buildActionMask = 2147483647;
			files = (
				3E9B850D29C05860008E5202 /* myentitlements.plist in Resources */,
				3EBCC7F129B3D85C00AEA9F3 /* Preview Assets.xcassets in Resources */,
				3EBCC7ED29B3D85C00AEA9F3 /* Assets.xcassets in Resources */,
				3E9B850B29C0415D008E5202 /* ExportOptions.plist in Resources */,
			);
			runOnlyForDeploymentPostprocessing = 0;
		};
/* End PBXResourcesBuildPhase section */

/* Begin PBXSourcesBuildPhase section */
		3EBCC7DC29B3D85800AEA9F3 /* Sources */ = {
			isa = PBXSourcesBuildPhase;
			buildActionMask = 2147483647;
			files = (
				3EBCC7E929B3D85800AEA9F3 /* TimeSlicer.xcdatamodeld in Sources */,
				3E7C357429BB0E0700C311EF /* MacSettingsView.swift in Sources */,
				3E55B12229BBCCE100282EB3 /* EKCalendarPickerView.swift in Sources */,
				3EA081AD29B455F600D8C372 /* Timeboxing.swift in Sources */,
				3EBCC7E429B3D85800AEA9F3 /* TimeSlicerApp.swift in Sources */,
				3EBCC7EB29B3D85800AEA9F3 /* ContentView.swift in Sources */,
				3E165C7429B96817001065CB /* HelpView.swift in Sources */,
				3EBCC7FD29B3F13000AEA9F3 /* SettingsView.swift in Sources */,
				3EBCC7F829B3DA4E00AEA9F3 /* CalendarPermissions.swift in Sources */,
				3EBCC7E629B3D85800AEA9F3 /* Persistence.swift in Sources */,
				3EBCC7FF29B4134D00AEA9F3 /* TaskCreatorSheet.swift in Sources */,
			);
			runOnlyForDeploymentPostprocessing = 0;
		};
/* End PBXSourcesBuildPhase section */

/* Begin XCBuildConfiguration section */
		3EBCC7F229B3D85C00AEA9F3 /* Debug */ = {
			isa = XCBuildConfiguration;
			buildSettings = {
				ALWAYS_SEARCH_USER_PATHS = NO;
				ASSETCATALOG_COMPILER_APPICON_NAME = AppIcon;
				ASSETCATALOG_COMPILER_GLOBAL_ACCENT_COLOR_NAME = AccentColor;
				CLANG_ANALYZER_NONNULL = YES;
				CLANG_ANALYZER_NUMBER_OBJECT_CONVERSION = YES_AGGRESSIVE;
				CLANG_CXX_LANGUAGE_STANDARD = "gnu++20";
				CLANG_ENABLE_MODULES = YES;
				CLANG_ENABLE_OBJC_ARC = YES;
				CLANG_ENABLE_OBJC_WEAK = YES;
				CLANG_WARN_BLOCK_CAPTURE_AUTORELEASING = YES;
				CLANG_WARN_BOOL_CONVERSION = YES;
				CLANG_WARN_COMMA = YES;
				CLANG_WARN_CONSTANT_CONVERSION = YES;
				CLANG_WARN_DEPRECATED_OBJC_IMPLEMENTATIONS = YES;
				CLANG_WARN_DIRECT_OBJC_ISA_USAGE = YES_ERROR;
				CLANG_WARN_DOCUMENTATION_COMMENTS = YES;
				CLANG_WARN_EMPTY_BODY = YES;
				CLANG_WARN_ENUM_CONVERSION = YES;
				CLANG_WARN_INFINITE_RECURSION = YES;
				CLANG_WARN_INT_CONVERSION = YES;
				CLANG_WARN_NON_LITERAL_NULL_CONVERSION = YES;
				CLANG_WARN_OBJC_IMPLICIT_RETAIN_SELF = YES;
				CLANG_WARN_OBJC_LITERAL_CONVERSION = YES;
				CLANG_WARN_OBJC_ROOT_CLASS = YES_ERROR;
				CLANG_WARN_QUOTED_INCLUDE_IN_FRAMEWORK_HEADER = YES;
				CLANG_WARN_RANGE_LOOP_ANALYSIS = YES;
				CLANG_WARN_STRICT_PROTOTYPES = YES;
				CLANG_WARN_SUSPICIOUS_MOVE = YES;
				CLANG_WARN_UNGUARDED_AVAILABILITY = YES_AGGRESSIVE;
				CLANG_WARN_UNREACHABLE_CODE = YES;
				CLANG_WARN__DUPLICATE_METHOD_MATCH = YES;
				COPY_PHASE_STRIP = NO;
				DEBUG_INFORMATION_FORMAT = dwarf;
				ENABLE_STRICT_OBJC_MSGSEND = YES;
				ENABLE_TESTABILITY = YES;
				GCC_C_LANGUAGE_STANDARD = gnu11;
				GCC_DYNAMIC_NO_PIC = NO;
				GCC_NO_COMMON_BLOCKS = YES;
				GCC_OPTIMIZATION_LEVEL = 0;
				GCC_PREPROCESSOR_DEFINITIONS = (
					"DEBUG=1",
					"$(inherited)",
				);
				GCC_WARN_64_TO_32_BIT_CONVERSION = YES;
				GCC_WARN_ABOUT_RETURN_TYPE = YES_ERROR;
				GCC_WARN_UNDECLARED_SELECTOR = YES;
				GCC_WARN_UNINITIALIZED_AUTOS = YES_AGGRESSIVE;
				GCC_WARN_UNUSED_FUNCTION = YES;
				GCC_WARN_UNUSED_VARIABLE = YES;
				INFOPLIST_KEY_NSCalendarsUsageDescription = "Access Schedule";
				IPHONEOS_DEPLOYMENT_TARGET = 16.0;
				MACOSX_DEPLOYMENT_TARGET = "$(RECOMMENDED_MACOSX_DEPLOYMENT_TARGET)";
				MTL_ENABLE_DEBUG_INFO = INCLUDE_SOURCE;
				MTL_FAST_MATH = YES;
				ONLY_ACTIVE_ARCH = YES;
				SWIFT_ACTIVE_COMPILATION_CONDITIONS = DEBUG;
				SWIFT_OPTIMIZATION_LEVEL = "-Onone";
			};
			name = Debug;
		};
		3EBCC7F329B3D85C00AEA9F3 /* Release */ = {
			isa = XCBuildConfiguration;
			buildSettings = {
				ALWAYS_SEARCH_USER_PATHS = NO;
				ASSETCATALOG_COMPILER_APPICON_NAME = AppIcon;
				ASSETCATALOG_COMPILER_GLOBAL_ACCENT_COLOR_NAME = AccentColor;
				CLANG_ANALYZER_NONNULL = YES;
				CLANG_ANALYZER_NUMBER_OBJECT_CONVERSION = YES_AGGRESSIVE;
				CLANG_CXX_LANGUAGE_STANDARD = "gnu++20";
				CLANG_ENABLE_MODULES = YES;
				CLANG_ENABLE_OBJC_ARC = YES;
				CLANG_ENABLE_OBJC_WEAK = YES;
				CLANG_WARN_BLOCK_CAPTURE_AUTORELEASING = YES;
				CLANG_WARN_BOOL_CONVERSION = YES;
				CLANG_WARN_COMMA = YES;
				CLANG_WARN_CONSTANT_CONVERSION = YES;
				CLANG_WARN_DEPRECATED_OBJC_IMPLEMENTATIONS = YES;
				CLANG_WARN_DIRECT_OBJC_ISA_USAGE = YES_ERROR;
				CLANG_WARN_DOCUMENTATION_COMMENTS = YES;
				CLANG_WARN_EMPTY_BODY = YES;
				CLANG_WARN_ENUM_CONVERSION = YES;
				CLANG_WARN_INFINITE_RECURSION = YES;
				CLANG_WARN_INT_CONVERSION = YES;
				CLANG_WARN_NON_LITERAL_NULL_CONVERSION = YES;
				CLANG_WARN_OBJC_IMPLICIT_RETAIN_SELF = YES;
				CLANG_WARN_OBJC_LITERAL_CONVERSION = YES;
				CLANG_WARN_OBJC_ROOT_CLASS = YES_ERROR;
				CLANG_WARN_QUOTED_INCLUDE_IN_FRAMEWORK_HEADER = YES;
				CLANG_WARN_RANGE_LOOP_ANALYSIS = YES;
				CLANG_WARN_STRICT_PROTOTYPES = YES;
				CLANG_WARN_SUSPICIOUS_MOVE = YES;
				CLANG_WARN_UNGUARDED_AVAILABILITY = YES_AGGRESSIVE;
				CLANG_WARN_UNREACHABLE_CODE = YES;
				CLANG_WARN__DUPLICATE_METHOD_MATCH = YES;
				COPY_PHASE_STRIP = NO;
				DEBUG_INFORMATION_FORMAT = "dwarf-with-dsym";
				ENABLE_NS_ASSERTIONS = NO;
				ENABLE_STRICT_OBJC_MSGSEND = YES;
				GCC_C_LANGUAGE_STANDARD = gnu11;
				GCC_NO_COMMON_BLOCKS = YES;
				GCC_WARN_64_TO_32_BIT_CONVERSION = YES;
				GCC_WARN_ABOUT_RETURN_TYPE = YES_ERROR;
				GCC_WARN_UNDECLARED_SELECTOR = YES;
				GCC_WARN_UNINITIALIZED_AUTOS = YES_AGGRESSIVE;
				GCC_WARN_UNUSED_FUNCTION = YES;
				GCC_WARN_UNUSED_VARIABLE = YES;
				INFOPLIST_KEY_NSCalendarsUsageDescription = "Access Schedule";
				IPHONEOS_DEPLOYMENT_TARGET = 16.0;
				MACOSX_DEPLOYMENT_TARGET = "$(RECOMMENDED_MACOSX_DEPLOYMENT_TARGET)";
				MTL_ENABLE_DEBUG_INFO = NO;
				MTL_FAST_MATH = YES;
				SWIFT_COMPILATION_MODE = wholemodule;
				SWIFT_OPTIMIZATION_LEVEL = "-O";
			};
			name = Release;
		};
		3EBCC7F529B3D85C00AEA9F3 /* Debug */ = {
			isa = XCBuildConfiguration;
			buildSettings = {
				ASSETCATALOG_COMPILER_APPICON_NAME = AppIcon;
				ASSETCATALOG_COMPILER_GLOBAL_ACCENT_COLOR_NAME = AccentColor;
				CODE_SIGN_ENTITLEMENTS = TimeSlicer/TimeSlicer.entitlements;
				CODE_SIGN_IDENTITY = "Apple Development";
				CODE_SIGN_STYLE = Automatic;
				CURRENT_PROJECT_VERSION = 1;
				DEVELOPMENT_ASSET_PATHS = "\"TimeSlicer/Preview Content\"";
				DEVELOPMENT_TEAM = 6BS49F3GLW;
				ENABLE_HARDENED_RUNTIME = YES;
				ENABLE_PREVIEWS = YES;
				GENERATE_INFOPLIST_FILE = YES;
				INFOPLIST_KEY_CFBundleDisplayName = TimeSlicer;
				INFOPLIST_KEY_LSApplicationCategoryType = "public.app-category.productivity";
				"INFOPLIST_KEY_UIApplicationSceneManifest_Generation[sdk=iphoneos*]" = YES;
				"INFOPLIST_KEY_UIApplicationSceneManifest_Generation[sdk=iphonesimulator*]" = YES;
				"INFOPLIST_KEY_UIApplicationSupportsIndirectInputEvents[sdk=iphoneos*]" = YES;
				"INFOPLIST_KEY_UIApplicationSupportsIndirectInputEvents[sdk=iphonesimulator*]" = YES;
				"INFOPLIST_KEY_UILaunchScreen_Generation[sdk=iphoneos*]" = YES;
				"INFOPLIST_KEY_UILaunchScreen_Generation[sdk=iphonesimulator*]" = YES;
				"INFOPLIST_KEY_UIStatusBarStyle[sdk=iphoneos*]" = UIStatusBarStyleDefault;
				"INFOPLIST_KEY_UIStatusBarStyle[sdk=iphonesimulator*]" = UIStatusBarStyleDefault;
				INFOPLIST_KEY_UISupportedInterfaceOrientations_iPad = "UIInterfaceOrientationPortrait UIInterfaceOrientationPortraitUpsideDown UIInterfaceOrientationLandscapeLeft UIInterfaceOrientationLandscapeRight";
				INFOPLIST_KEY_UISupportedInterfaceOrientations_iPhone = "UIInterfaceOrientationPortrait UIInterfaceOrientationLandscapeLeft UIInterfaceOrientationLandscapeRight";
				IPHONEOS_DEPLOYMENT_TARGET = 16.2;
				LD_RUNPATH_SEARCH_PATHS = "@executable_path/Frameworks";
				"LD_RUNPATH_SEARCH_PATHS[sdk=macosx*]" = "@executable_path/../Frameworks";
				MACOSX_DEPLOYMENT_TARGET = 13.1;
				MARKETING_VERSION = 1.2.0;
				PRODUCT_BUNDLE_IDENTIFIER = com.navanchauhan.TimeSlicer;
				PRODUCT_NAME = "$(TARGET_NAME)";
				PROVISIONING_PROFILE_SPECIFIER = "";
				SDKROOT = auto;
				SUPPORTED_PLATFORMS = "iphoneos iphonesimulator macosx";
				SWIFT_EMIT_LOC_STRINGS = YES;
				SWIFT_VERSION = 5.0;
				TARGETED_DEVICE_FAMILY = "1,2";
			};
			name = Debug;
		};
		3EBCC7F629B3D85C00AEA9F3 /* Release */ = {
			isa = XCBuildConfiguration;
			buildSettings = {
				ASSETCATALOG_COMPILER_APPICON_NAME = AppIcon;
				ASSETCATALOG_COMPILER_GLOBAL_ACCENT_COLOR_NAME = AccentColor;
				CODE_SIGN_ENTITLEMENTS = TimeSlicer/TimeSlicer.entitlements;
				CODE_SIGN_IDENTITY = "Apple Development";
				CODE_SIGN_STYLE = Automatic;
				CURRENT_PROJECT_VERSION = 1;
				DEVELOPMENT_ASSET_PATHS = "\"TimeSlicer/Preview Content\"";
				DEVELOPMENT_TEAM = 6BS49F3GLW;
				ENABLE_HARDENED_RUNTIME = YES;
				ENABLE_PREVIEWS = YES;
				GENERATE_INFOPLIST_FILE = YES;
				INFOPLIST_KEY_CFBundleDisplayName = TimeSlicer;
				INFOPLIST_KEY_LSApplicationCategoryType = "public.app-category.productivity";
				"INFOPLIST_KEY_UIApplicationSceneManifest_Generation[sdk=iphoneos*]" = YES;
				"INFOPLIST_KEY_UIApplicationSceneManifest_Generation[sdk=iphonesimulator*]" = YES;
				"INFOPLIST_KEY_UIApplicationSupportsIndirectInputEvents[sdk=iphoneos*]" = YES;
				"INFOPLIST_KEY_UIApplicationSupportsIndirectInputEvents[sdk=iphonesimulator*]" = YES;
				"INFOPLIST_KEY_UILaunchScreen_Generation[sdk=iphoneos*]" = YES;
				"INFOPLIST_KEY_UILaunchScreen_Generation[sdk=iphonesimulator*]" = YES;
				"INFOPLIST_KEY_UIStatusBarStyle[sdk=iphoneos*]" = UIStatusBarStyleDefault;
				"INFOPLIST_KEY_UIStatusBarStyle[sdk=iphonesimulator*]" = UIStatusBarStyleDefault;
				INFOPLIST_KEY_UISupportedInterfaceOrientations_iPad = "UIInterfaceOrientationPortrait UIInterfaceOrientationPortraitUpsideDown UIInterfaceOrientationLandscapeLeft UIInterfaceOrientationLandscapeRight";
				INFOPLIST_KEY_UISupportedInterfaceOrientations_iPhone = "UIInterfaceOrientationPortrait UIInterfaceOrientationLandscapeLeft UIInterfaceOrientationLandscapeRight";
				IPHONEOS_DEPLOYMENT_TARGET = 16.2;
				LD_RUNPATH_SEARCH_PATHS = "@executable_path/Frameworks";
				"LD_RUNPATH_SEARCH_PATHS[sdk=macosx*]" = "@executable_path/../Frameworks";
				MACOSX_DEPLOYMENT_TARGET = 13.1;
				MARKETING_VERSION = 1.2.0;
				PRODUCT_BUNDLE_IDENTIFIER = com.navanchauhan.TimeSlicer;
				PRODUCT_NAME = "$(TARGET_NAME)";
				PROVISIONING_PROFILE_SPECIFIER = "";
				SDKROOT = auto;
				SUPPORTED_PLATFORMS = "iphoneos iphonesimulator macosx";
				SWIFT_EMIT_LOC_STRINGS = YES;
				SWIFT_VERSION = 5.0;
				TARGETED_DEVICE_FAMILY = "1,2";
			};
			name = Release;
		};
/* End XCBuildConfiguration section */

/* Begin XCConfigurationList section */
		3EBCC7DB29B3D85800AEA9F3 /* Build configuration list for PBXProject "TimeSlicer" */ = {
			isa = XCConfigurationList;
			buildConfigurations = (
				3EBCC7F229B3D85C00AEA9F3 /* Debug */,
				3EBCC7F329B3D85C00AEA9F3 /* Release */,
			);
			defaultConfigurationIsVisible = 0;
			defaultConfigurationName = Release;
		};
		3EBCC7F429B3D85C00AEA9F3 /* Build configuration list for PBXNativeTarget "TimeSlicer" */ = {
			isa = XCConfigurationList;
			buildConfigurations = (
				3EBCC7F529B3D85C00AEA9F3 /* Debug */,
				3EBCC7F629B3D85C00AEA9F3 /* Release */,
			);
			defaultConfigurationIsVisible = 0;
			defaultConfigurationName = Release;
		};
/* End XCConfigurationList section */

/* Begin XCRemoteSwiftPackageReference section */
		3EA081AE29B50D5C00D8C372 /* XCRemoteSwiftPackageReference "AlertToast" */ = {
			isa = XCRemoteSwiftPackageReference;
			repositoryURL = "https://github.com/elai950/AlertToast.git";
			requirement = {
				branch = master;
				kind = branch;
			};
		};
/* End XCRemoteSwiftPackageReference section */

/* Begin XCSwiftPackageProductDependency section */
		3EA081AF29B50D5C00D8C372 /* AlertToast */ = {
			isa = XCSwiftPackageProductDependency;
			package = 3EA081AE29B50D5C00D8C372 /* XCRemoteSwiftPackageReference "AlertToast" */;
			productName = AlertToast;
		};
/* End XCSwiftPackageProductDependency section */

/* Begin XCVersionGroup section */
		3EBCC7E729B3D85800AEA9F3 /* TimeSlicer.xcdatamodeld */ = {
			isa = XCVersionGroup;
			children = (
				3EBCC7E829B3D85800AEA9F3 /* TimeSlicer.xcdatamodel */,
			);
			currentVersion = 3EBCC7E829B3D85800AEA9F3 /* TimeSlicer.xcdatamodel */;
			path = TimeSlicer.xcdatamodeld;
			sourceTree = "<group>";
			versionGroupType = wrapper.xcdatamodel;
		};
/* End XCVersionGroup section */
	};
	rootObject = 3EBCC7D829B3D85800AEA9F3 /* Project object */;
}
